
Microsoft Visual Studio Solution File, Format Version 12.00
# Visual Studio Version 16
VisualStudioVersion = 16.0.31112.23
MinimumVisualStudioVersion = 10.0.40219.1
Project("{FAE04EC0-301F-11D3-BF4B-00C04F79EFBC}") = "AutomationAPI", "AutomationAPI\AutomationAPI.csproj", "{AB73BA00-3339-4F9E-BEB5-84289E482793}"
EndProject
Global
	GlobalSection(SolutionConfigurationPlatforms) = preSolution
		Debug|Any CPU = Debug|Any CPU
		Release|Any CPU = Release|Any CPU
	EndGlobalSection
	GlobalSection(ProjectConfigurationPlatforms) = postSolution
		{AB73BA00-3339-4F9E-BEB5-84289E482793}.Debug|Any CPU.ActiveCfg = Debug|Any CPU
		{AB73BA00-3339-4F9E-BEB5-84289E482793}.Debug|Any CPU.Build.0 = Debug|Any CPU
		{AB73BA00-3339-4F9E-BEB5-84289E482793}.Release|Any CPU.ActiveCfg = Release|Any CPU
		{AB73BA00-3339-4F9E-BEB5-84289E482793}.Release|Any CPU.Build.0 = Release|Any CPU
	EndGlobalSection
	GlobalSection(SolutionProperties) = preSolution
		HideSolutionNode = FALSE
	EndGlobalSection
	GlobalSection(ExtensibilityGlobals) = postSolution
		SolutionGuid = {7FDCC5A9-9D6D-41FF-A108-6186AE5973E9}
	EndGlobalSection
EndGlobal
